<?xml version="1.0" encoding="utf-8"?>
<Project ToolsVersion="4.0" xmlns="http://schemas.microsoft.com/developer/msbuild/2003">
  <ItemGroup>
    <Filter Include="Source Files">
      <UniqueIdentifier>{4FC737F1-C7A5-4376-A066-2A32D752A2FF}</UniqueIdentifier>
      <Extensions>cpp;c;cc;cxx;def;odl;idl;hpj;bat;asm;asmx</Extensions>
    </Filter>
    <Filter Include="Header Files">
      <UniqueIdentifier>{93995380-89BD-4b04-88EB-625FBE52EBFB}</UniqueIdentifier>
      <Extensions>h;hh;hpp;hxx;hm;inl;inc;xsd</Extensions>
    </Filter>
    <Filter Include="Shader Files">
      <UniqueIdentifier>{67DA6AB6-F800-4c08-8B7A-83BB121AAD01}</UniqueIdentifier>
      <Extensions>glsl;txt;xml;bmp;bin;gif;jpg;jpeg;jpe;tiff;tif;png;wav</Extensions>
    </Filter>
    <Filter Include="Document Files">
      <UniqueIdentifier>{5f128487-b3d2-4852-8b64-2d5252b623d1}</UniqueIdentifier>
    </Filter>
  </ItemGroup>
  <ItemGroup>
    <ClCompile Include="source\main.cpp">
      <Filter>Source Files</Filter>
    </ClCompile>
    <ClCompile Include="source\Misc\MyController.cpp">
      <Filter>Source Files</Filter>
    </ClCompile>
    <ClCompile Include="source\MyView\MyView.cpp">
      <Filter>Source Files</Filter>
    </ClCompile>
    <ClCompile Include="source\Utility\OpenGL.cpp">
      <Filter>Source Files</Filter>
    </ClCompile>
    <ClCompile Include="source\Utility\Scene.cpp">
      <Filter>Source Files</Filter>
    </ClCompile>
    <ClCompile Include="source\Rendering\PassConfigurator.cpp">
      <Filter>Source Files</Filter>
    </ClCompile>
    <ClCompile Include="source\Rendering\PassConfigurator\Program.cpp">
      <Filter>Source Files</Filter>
    </ClCompile>
    <ClCompile Include="source\Rendering\PassConfigurator\Programs.cpp">
      <Filter>Source Files</Filter>
    </ClCompile>
    <ClCompile Include="source\Rendering\PassConfigurator\Shader.cpp">
      <Filter>Source Files</Filter>
    </ClCompile>
    <ClCompile Include="source\Rendering\PassConfigurator\Shaders.cpp">
      <Filter>Source Files</Filter>
    </ClCompile>
    <ClCompile Include="source\Rendering\Buffers\Buffer.cpp">
      <Filter>Source Files</Filter>
    </ClCompile>
    <ClCompile Include="source\Utility\OpenGL\Buffers.cpp">
      <Filter>Source Files</Filter>
    </ClCompile>
    <ClCompile Include="source\MyView\Internals\UniformData.cpp">
      <Filter>Source Files</Filter>
    </ClCompile>
    <ClCompile Include="source\Rendering\Uniforms.cpp">
      <Filter>Source Files</Filter>
    </ClCompile>
  </ItemGroup>
  <ItemGroup>
    <None Include="doc\readme.txt">
      <Filter>Document Files</Filter>
    </None>
    <None Include="shaders\directionalLight.fs.glsl">
      <Filter>Shader Files</Filter>
    </None>
    <None Include="shaders\geometry.fs.glsl">
      <Filter>Shader Files</Filter>
    </None>
    <None Include="shaders\pointLight.fs.glsl">
      <Filter>Shader Files</Filter>
    </None>
    <None Include="shaders\sponza.fs.glsl">
      <Filter>Shader Files</Filter>
    </None>
    <None Include="shaders\sponza.vs.glsl">
      <Filter>Shader Files</Filter>
    </None>
    <None Include="shaders\spotlight.fs.glsl">
      <Filter>Shader Files</Filter>
    </None>
    <None Include="shaders\geometry.vs.glsl">
      <Filter>Shader Files</Filter>
    </None>
  </ItemGroup>
  <ItemGroup>
    <ClInclude Include="source\Misc\MyController.hpp">
      <Filter>Header Files</Filter>
    </ClInclude>
    <ClInclude Include="source\Misc\Vertex.hpp">
      <Filter>Header Files</Filter>
    </ClInclude>
    <ClInclude Include="source\MyView\MyView.hpp">
      <Filter>Header Files</Filter>
    </ClInclude>
    <ClInclude Include="source\Utility\Maths.hpp">
      <Filter>Header Files</Filter>
    </ClInclude>
    <ClInclude Include="source\Utility\OpenGL.hpp">
      <Filter>Header Files</Filter>
    </ClInclude>
    <ClInclude Include="source\Utility\Scene.hpp">
      <Filter>Header Files</Filter>
    </ClInclude>
    <ClInclude Include="source\Utility\Algorithm.hpp">
      <Filter>Header Files</Filter>
    </ClInclude>
    <ClInclude Include="source\MyView\Internals\UniformData\Scene.hpp">
      <Filter>Header Files</Filter>
    </ClInclude>
    <ClInclude Include="source\MyView\Internals\Material.hpp">
      <Filter>Header Files</Filter>
    </ClInclude>
    <ClInclude Include="source\MyView\Internals\Mesh.hpp">
      <Filter>Header Files</Filter>
    </ClInclude>
    <ClInclude Include="source\Rendering\PassConfigurator.hpp">
      <Filter>Header Files</Filter>
    </ClInclude>
    <ClInclude Include="source\Rendering\PassConfigurator\Program.hpp">
      <Filter>Header Files</Filter>
    </ClInclude>
    <ClInclude Include="source\Rendering\PassConfigurator\Programs.hpp">
      <Filter>Header Files</Filter>
    </ClInclude>
    <ClInclude Include="source\Rendering\PassConfigurator\Shader.hpp">
      <Filter>Header Files</Filter>
    </ClInclude>
    <ClInclude Include="source\Rendering\PassConfigurator\Shaders.hpp">
      <Filter>Header Files</Filter>
    </ClInclude>
    <ClInclude Include="source\Rendering\PassConfigurator\HardCodedShaders.hpp">
      <Filter>Header Files</Filter>
    </ClInclude>
    <ClInclude Include="source\Rendering\Uniforms.hpp">
      <Filter>Header Files</Filter>
    </ClInclude>
    <ClInclude Include="source\Rendering\Buffers\Buffer.hpp">
      <Filter>Header Files</Filter>
    </ClInclude>
    <ClInclude Include="source\Utility\OpenGL\Buffers.hpp">
      <Filter>Header Files</Filter>
    </ClInclude>
    <ClInclude Include="source\Rendering\Buffers\Binder.hpp">
      <Filter>Header Files</Filter>
    </ClInclude>
    <ClInclude Include="source\Rendering\Uniforms\Scene.hpp">
      <Filter>Header Files</Filter>
    </ClInclude>
    <ClInclude Include="source\Rendering\Uniforms\DirectionalLight.hpp">
      <Filter>Header Files</Filter>
    </ClInclude>
    <ClInclude Include="source\Rendering\Uniforms\Spotlight.hpp">
      <Filter>Header Files</Filter>
    </ClInclude>
    <ClInclude Include="source\Rendering\Uniforms\PointLight.hpp">
      <Filter>Header Files</Filter>
    </ClInclude>
    <ClInclude Include="source\Rendering\Uniforms\UniformBlocks.hpp">
      <Filter>Header Files</Filter>
    </ClInclude>
    <ClInclude Include="source\MyView\Internals\UniformData.hpp">
      <Filter>Header Files</Filter>
    </ClInclude>
  </ItemGroup>
</Project>