<?xml version="1.0" encoding="utf-8"?>
<Project ToolsVersion="4.0" xmlns="http://schemas.microsoft.com/developer/msbuild/2003">
  <ItemGroup>
    <Filter Include="Source Files">
      <UniqueIdentifier>{4FC737F1-C7A5-4376-A066-2A32D752A2FF}</UniqueIdentifier>
      <Extensions>cpp;c;cc;cxx;def;odl;idl;hpj;bat;asm;asmx</Extensions>
    </Filter>
    <Filter Include="Header Files">
      <UniqueIdentifier>{93995380-89BD-4b04-88EB-625FBE52EBFB}</UniqueIdentifier>
      <Extensions>h;hh;hpp;hxx;hm;inl;inc;xsd</Extensions>
    </Filter>
    <Filter Include="Document Files">
      <UniqueIdentifier>{b239ec9f-db8a-40d2-9dcd-bb0313c2477f}</UniqueIdentifier>
      <Extensions>txt</Extensions>
    </Filter>
    <Filter Include="Shader Files">
      <UniqueIdentifier>{5c5d9556-ec01-447d-97f1-12aa7f8cc756}</UniqueIdentifier>
      <Extensions>glsl</Extensions>
    </Filter>
    <Filter Include="Source Files\Utility">
      <UniqueIdentifier>{bc35ca7f-970b-48eb-bc41-a7e521b79204}</UniqueIdentifier>
    </Filter>
    <Filter Include="Source Files\Utility\OpenGL">
      <UniqueIdentifier>{ea6b36aa-a180-43c0-bc49-ec3a44a3543f}</UniqueIdentifier>
    </Filter>
    <Filter Include="Source Files\Misc">
      <UniqueIdentifier>{76609d19-5bfc-4052-85e7-031ab887a7af}</UniqueIdentifier>
    </Filter>
    <Filter Include="Source Files\MyView">
      <UniqueIdentifier>{8fd78fe5-4505-42ea-9ac7-4a812a4a8c54}</UniqueIdentifier>
    </Filter>
    <Filter Include="Source Files\MyView\Internals">
      <UniqueIdentifier>{d74eb6ae-f521-4b6c-a03e-0a07dd51aa3e}</UniqueIdentifier>
    </Filter>
    <Filter Include="Source Files\MyView\Internals\UniformData">
      <UniqueIdentifier>{84f03d29-e149-4127-933d-ed48cffe0280}</UniqueIdentifier>
    </Filter>
    <Filter Include="Source Files\Rendering">
      <UniqueIdentifier>{ffd1054f-cf90-4c35-9abb-d79837f54e80}</UniqueIdentifier>
    </Filter>
    <Filter Include="Source Files\Rendering\PassConfigurator">
      <UniqueIdentifier>{0072794d-c320-4e96-9304-402821a69000}</UniqueIdentifier>
    </Filter>
    <Filter Include="Source Files\Rendering\Uniforms">
      <UniqueIdentifier>{28781d7e-341e-4fbe-bb57-a3b208667160}</UniqueIdentifier>
    </Filter>
    <Filter Include="Source Files\Rendering\Objects">
      <UniqueIdentifier>{ed45fec0-8c60-47eb-af3e-d8232cdc426b}</UniqueIdentifier>
    </Filter>
    <Filter Include="Source Files\Rendering\Objects\Binders">
      <UniqueIdentifier>{1cd29ccf-b776-4200-a7eb-5a4c32ef0b89}</UniqueIdentifier>
    </Filter>
    <Filter Include="Source Files\Rendering\Uniforms\Internals">
      <UniqueIdentifier>{aae73427-eece-4531-a8f5-b8b03e2501b1}</UniqueIdentifier>
    </Filter>
    <Filter Include="Source Files\Rendering\PassConfigurator\Internals">
      <UniqueIdentifier>{d6e257a4-c8b4-4522-a70b-3d1c0f28fad5}</UniqueIdentifier>
    </Filter>
  </ItemGroup>
  <ItemGroup>
    <ClInclude Include="source\MyView.hpp">
      <Filter>Header Files</Filter>
    </ClInclude>
    <ClInclude Include="source\MyController.hpp">
      <Filter>Header Files</Filter>
    </ClInclude>
    <ClInclude Include="source\Misc\MyController.hpp">
      <Filter>Source Files\Misc</Filter>
    </ClInclude>
    <ClInclude Include="source\Misc\Vertex.hpp">
      <Filter>Source Files\Misc</Filter>
    </ClInclude>
    <ClInclude Include="source\MyView\Internals\UniformData\Scene.hpp">
      <Filter>Source Files\MyView\Internals\UniformData</Filter>
    </ClInclude>
    <ClInclude Include="source\MyView\Internals\Material.hpp">
      <Filter>Source Files\MyView\Internals</Filter>
    </ClInclude>
    <ClInclude Include="source\MyView\Internals\Mesh.hpp">
      <Filter>Source Files\MyView\Internals</Filter>
    </ClInclude>
    <ClInclude Include="source\MyView\Internals\UniformData.hpp">
      <Filter>Source Files\MyView\Internals</Filter>
    </ClInclude>
    <ClInclude Include="source\MyView\MyView.hpp">
      <Filter>Source Files\MyView</Filter>
    </ClInclude>
    <ClInclude Include="source\Utility\Algorithm.hpp">
      <Filter>Source Files\Utility</Filter>
    </ClInclude>
    <ClInclude Include="source\Utility\Maths.hpp">
      <Filter>Source Files\Utility</Filter>
    </ClInclude>
    <ClInclude Include="source\Utility\OpenGL\Buffers.hpp">
      <Filter>Source Files\Utility\OpenGL</Filter>
    </ClInclude>
    <ClInclude Include="source\Rendering\Objects\Buffer.hpp">
      <Filter>Source Files\Rendering\Objects</Filter>
    </ClInclude>
    <ClInclude Include="source\Rendering\Objects\Texture.hpp">
      <Filter>Source Files\Rendering\Objects</Filter>
    </ClInclude>
    <ClInclude Include="source\Rendering\Objects\Framebuffer.hpp">
      <Filter>Header Files</Filter>
    </ClInclude>
    <ClInclude Include="source\Rendering\Objects\Renderbuffer.hpp">
      <Filter>Header Files</Filter>
    </ClInclude>
    <ClInclude Include="source\Utility\Scene.hpp">
      <Filter>Source Files\Utility</Filter>
    </ClInclude>
    <ClInclude Include="source\Rendering\PassConfigurator\Internals\HardCodedShaders.hpp">
      <Filter>Source Files\Rendering\PassConfigurator\Internals</Filter>
    </ClInclude>
    <ClInclude Include="source\Rendering\PassConfigurator\Internals\Programs.hpp">
      <Filter>Source Files\Rendering\PassConfigurator\Internals</Filter>
    </ClInclude>
    <ClInclude Include="source\Rendering\PassConfigurator\Internals\Shaders.hpp">
      <Filter>Source Files\Rendering\PassConfigurator\Internals</Filter>
    </ClInclude>
    <ClInclude Include="source\Rendering\PassConfigurator\PassConfigurator.hpp">
      <Filter>Source Files\Rendering\PassConfigurator</Filter>
    </ClInclude>
    <ClInclude Include="source\Rendering\Uniforms\Internals\DirectionalLight.hpp">
      <Filter>Source Files\Rendering\Uniforms\Internals</Filter>
    </ClInclude>
    <ClInclude Include="source\Rendering\Uniforms\Internals\PointLight.hpp">
      <Filter>Source Files\Rendering\Uniforms\Internals</Filter>
    </ClInclude>
    <ClInclude Include="source\Rendering\Uniforms\Internals\Scene.hpp">
      <Filter>Source Files\Rendering\Uniforms\Internals</Filter>
    </ClInclude>
    <ClInclude Include="source\Rendering\Uniforms\Internals\Spotlight.hpp">
      <Filter>Source Files\Rendering\Uniforms\Internals</Filter>
    </ClInclude>
    <ClInclude Include="source\Rendering\Uniforms\Internals\UniformBlocks.hpp">
      <Filter>Source Files\Rendering\Uniforms\Internals</Filter>
    </ClInclude>
    <ClInclude Include="source\Rendering\Uniforms\Uniforms.hpp">
      <Filter>Source Files\Rendering\Uniforms</Filter>
    </ClInclude>
    <ClInclude Include="source\Utility\OpenGL\ToDelete.hpp">
      <Filter>Source Files\Utility</Filter>
    </ClInclude>
    <ClInclude Include="source\Rendering\Objects\Program.hpp">
      <Filter>Source Files\Rendering\PassConfigurator\Internals</Filter>
    </ClInclude>
    <ClInclude Include="source\Rendering\Objects\Shader.hpp">
      <Filter>Source Files\Rendering\PassConfigurator\Internals</Filter>
    </ClInclude>
    <ClInclude Include="source\Rendering\Renderer\Internals\LightBuffer.hpp">
      <Filter>Source Files\Rendering</Filter>
    </ClInclude>
    <ClInclude Include="source\Rendering\Renderer\Internals\GeometryBuffer.hpp">
      <Filter>Source Files\Rendering</Filter>
    </ClInclude>
    <ClInclude Include="source\Rendering\Renderer\Renderer.hpp">
      <Filter>Header Files</Filter>
    </ClInclude>
    <ClInclude Include="source\Rendering\Binders\BufferBinder.hpp">
      <Filter>Source Files\Rendering\Objects\Binders</Filter>
    </ClInclude>
    <ClInclude Include="source\Rendering\Binders\RenderbufferBinder.hpp">
      <Filter>Header Files</Filter>
    </ClInclude>
    <ClInclude Include="source\Rendering\Binders\FramebufferBinder.hpp">
      <Filter>Header Files</Filter>
    </ClInclude>
    <ClInclude Include="source\Rendering\Binders\TextureBinder.hpp">
      <Filter>Header Files</Filter>
    </ClInclude>
    <ClInclude Include="source\Utility\OpenGL\Textures.hpp">
      <Filter>Header Files</Filter>
    </ClInclude>
    <ClInclude Include="source\Utility\TypeTraits.hpp">
      <Filter>Header Files</Filter>
    </ClInclude>
  </ItemGroup>
  <ItemGroup>
    <None Include="shaders\pointLight.fs.glsl">
      <Filter>Shader Files</Filter>
    </None>
    <None Include="shaders\sponza.fs.glsl">
      <Filter>Shader Files</Filter>
    </None>
    <None Include="shaders\sponza.vs.glsl">
      <Filter>Shader Files</Filter>
    </None>
    <None Include="shaders\spotlight.fs.glsl">
      <Filter>Shader Files</Filter>
    </None>
    <None Include="shaders\directionalLight.fs.glsl">
      <Filter>Shader Files</Filter>
    </None>
    <None Include="shaders\Geometry.vs.glsl">
      <Filter>Shader Files</Filter>
    </None>
    <None Include="shaders\Geometry.fs.glsl">
      <Filter>Shader Files</Filter>
    </None>
  </ItemGroup>
  <ItemGroup>
    <ClCompile Include="source\Misc\MyController.cpp">
      <Filter>Source Files\Misc</Filter>
    </ClCompile>
    <ClCompile Include="source\MyView\Internals\UniformData.cpp">
      <Filter>Source Files\MyView\Internals</Filter>
    </ClCompile>
    <ClCompile Include="source\MyView\MyView.cpp">
      <Filter>Source Files\MyView</Filter>
    </ClCompile>
    <ClCompile Include="source\Utility\Scene.cpp">
      <Filter>Source Files\Utility</Filter>
    </ClCompile>
    <ClCompile Include="source\Utility\OpenGL\Buffers.cpp">
      <Filter>Source Files\Utility\OpenGL</Filter>
    </ClCompile>
    <ClCompile Include="source\main.cpp">
      <Filter>Source Files</Filter>
    </ClCompile>
    <ClCompile Include="source\Rendering\Objects\Buffer.cpp">
      <Filter>Source Files\Rendering\Objects</Filter>
    </ClCompile>
    <ClCompile Include="source\Rendering\PassConfigurator\PassConfigurator.cpp">
      <Filter>Source Files\Rendering\PassConfigurator</Filter>
    </ClCompile>
    <ClCompile Include="source\Rendering\PassConfigurator\Internals\Programs.cpp">
      <Filter>Source Files\Rendering\PassConfigurator\Internals</Filter>
    </ClCompile>
    <ClCompile Include="source\Rendering\PassConfigurator\Internals\Shaders.cpp">
      <Filter>Source Files\Rendering\PassConfigurator\Internals</Filter>
    </ClCompile>
    <ClCompile Include="source\Rendering\Uniforms\Uniforms.cpp">
      <Filter>Source Files\Rendering\Uniforms</Filter>
    </ClCompile>
    <ClCompile Include="source\Utility\OpenGL\ToDelete.cpp">
      <Filter>Source Files\Utility</Filter>
    </ClCompile>
    <ClCompile Include="source\Rendering\Objects\Program.cpp">
      <Filter>Source Files\Rendering\PassConfigurator\Internals</Filter>
    </ClCompile>
    <ClCompile Include="source\Rendering\Objects\Shader.cpp">
      <Filter>Source Files\Rendering\PassConfigurator\Internals</Filter>
    </ClCompile>
    <ClCompile Include="source\Rendering\Objects\Renderbuffer.cpp">
      <Filter>Source Files</Filter>
    </ClCompile>
    <ClCompile Include="source\Rendering\Objects\Framebuffer.cpp">
      <Filter>Source Files</Filter>
    </ClCompile>
    <ClCompile Include="source\Rendering\Renderer\Internals\GeometryBuffer.cpp">
      <Filter>Source Files</Filter>
    </ClCompile>
    <ClCompile Include="source\Rendering\Renderer\Internals\LightBuffer.cpp">
      <Filter>Source Files</Filter>
    </ClCompile>
  </ItemGroup>
</Project>