<?xml version="1.0" encoding="utf-8"?>
<Project ToolsVersion="4.0" xmlns="http://schemas.microsoft.com/developer/msbuild/2003">
  <ItemGroup>
    <Filter Include="Source Files">
      <UniqueIdentifier>{4FC737F1-C7A5-4376-A066-2A32D752A2FF}</UniqueIdentifier>
      <Extensions>cpp;c;cc;cxx;def;odl;idl;hpj;bat;asm;asmx</Extensions>
    </Filter>
    <Filter Include="Header Files">
      <UniqueIdentifier>{93995380-89BD-4b04-88EB-625FBE52EBFB}</UniqueIdentifier>
      <Extensions>h;hh;hpp;hxx;hm;inl;inc;xsd</Extensions>
    </Filter>
    <Filter Include="Document Files">
      <UniqueIdentifier>{b239ec9f-db8a-40d2-9dcd-bb0313c2477f}</UniqueIdentifier>
      <Extensions>txt</Extensions>
    </Filter>
    <Filter Include="Shader Files">
      <UniqueIdentifier>{5c5d9556-ec01-447d-97f1-12aa7f8cc756}</UniqueIdentifier>
      <Extensions>glsl</Extensions>
    </Filter>
  </ItemGroup>
  <ItemGroup>
    <ClInclude Include="source\MyView.hpp">
      <Filter>Header Files</Filter>
    </ClInclude>
    <ClInclude Include="source\Rendering\Objects\Framebuffer.hpp">
      <Filter>Header Files</Filter>
    </ClInclude>
    <ClInclude Include="source\Rendering\Objects\Renderbuffer.hpp">
      <Filter>Header Files</Filter>
    </ClInclude>
    <ClInclude Include="source\Rendering\Renderer\Renderer.hpp">
      <Filter>Header Files</Filter>
    </ClInclude>
    <ClInclude Include="source\Rendering\Binders\RenderbufferBinder.hpp">
      <Filter>Header Files</Filter>
    </ClInclude>
    <ClInclude Include="source\Rendering\Binders\FramebufferBinder.hpp">
      <Filter>Header Files</Filter>
    </ClInclude>
    <ClInclude Include="source\Rendering\Binders\TextureBinder.hpp">
      <Filter>Header Files</Filter>
    </ClInclude>
    <ClInclude Include="source\Utility\TypeTraits.hpp">
      <Filter>Header Files</Filter>
    </ClInclude>
    <ClInclude Include="source\Rendering\Renderer\Drawing\Resolution.hpp">
      <Filter>Header Files</Filter>
    </ClInclude>
    <ClInclude Include="source\Rendering\Renderer\Geometry\Geometry.hpp">
      <Filter>Header Files</Filter>
    </ClInclude>
    <ClInclude Include="source\Rendering\Renderer\Geometry\Internals\Internals.hpp">
      <Filter>Header Files</Filter>
    </ClInclude>
    <ClInclude Include="source\Rendering\Objects\VertexArray.hpp">
      <Filter>Header Files</Filter>
    </ClInclude>
    <ClInclude Include="source\Rendering\Binders\VertexArrayBinder.hpp">
      <Filter>Header Files</Filter>
    </ClInclude>
    <ClInclude Include="source\Rendering\Composites\PersistentMappedBuffer.hpp">
      <Filter>Header Files</Filter>
    </ClInclude>
    <ClInclude Include="source\Rendering\Renderer\Geometry\SceneVAO.hpp">
      <Filter>Header Files</Filter>
    </ClInclude>
    <ClInclude Include="source\Rendering\Renderer\Geometry\LightingVAO.hpp">
      <Filter>Header Files</Filter>
    </ClInclude>
    <ClInclude Include="source\Utility\TSL.hpp">
      <Filter>Header Files</Filter>
    </ClInclude>
    <ClInclude Include="source\Rendering\Composites\SamplerBuffer.hpp">
      <Filter>Header Files</Filter>
    </ClInclude>
    <ClInclude Include="source\Rendering\Renderer\Materials\Internals\Internals.hpp">
      <Filter>Header Files</Filter>
    </ClInclude>
    <ClInclude Include="source\Rendering\Renderer\Materials\Internals\Material.hpp">
      <Filter>Header Files</Filter>
    </ClInclude>
    <ClInclude Include="source\Utility\OpenGL\Textures.hpp">
      <Filter>Header Files</Filter>
    </ClInclude>
    <ClInclude Include="source\Misc\MyController.hpp">
      <Filter>Header Files</Filter>
    </ClInclude>
    <ClInclude Include="source\Rendering\Renderer\Geometry\Internals\Vertex.hpp">
      <Filter>Header Files</Filter>
    </ClInclude>
    <ClInclude Include="source\MyView\Internals\UniformData\Scene.hpp">
      <Filter>Header Files</Filter>
    </ClInclude>
    <ClInclude Include="source\MyView\Internals\Material.hpp">
      <Filter>Header Files</Filter>
    </ClInclude>
    <ClInclude Include="source\Rendering\Renderer\Geometry\Mesh.hpp">
      <Filter>Header Files</Filter>
    </ClInclude>
    <ClInclude Include="source\MyView\Internals\UniformData.hpp">
      <Filter>Header Files</Filter>
    </ClInclude>
    <ClInclude Include="source\MyView\MyView.hpp">
      <Filter>Header Files</Filter>
    </ClInclude>
    <ClInclude Include="source\Rendering\Binders\BufferBinder.hpp">
      <Filter>Header Files</Filter>
    </ClInclude>
    <ClInclude Include="source\Rendering\Objects\Buffer.hpp">
      <Filter>Header Files</Filter>
    </ClInclude>
    <ClInclude Include="source\Rendering\Objects\Texture.hpp">
      <Filter>Header Files</Filter>
    </ClInclude>
    <ClInclude Include="source\Rendering\Renderer\Programs\HardCodedShaders.hpp">
      <Filter>Header Files</Filter>
    </ClInclude>
    <ClInclude Include="source\Rendering\Objects\Program.hpp">
      <Filter>Header Files</Filter>
    </ClInclude>
    <ClInclude Include="source\Rendering\Renderer\Programs\Programs.hpp">
      <Filter>Header Files</Filter>
    </ClInclude>
    <ClInclude Include="source\Rendering\Objects\Shader.hpp">
      <Filter>Header Files</Filter>
    </ClInclude>
    <ClInclude Include="source\Rendering\Renderer\Programs\Shaders.hpp">
      <Filter>Header Files</Filter>
    </ClInclude>
    <ClInclude Include="source\Rendering\Renderer\Drawing\PassConfigurator.hpp">
      <Filter>Header Files</Filter>
    </ClInclude>
    <ClInclude Include="source\Rendering\Renderer\Uniforms\Uniforms.hpp">
      <Filter>Header Files</Filter>
    </ClInclude>
    <ClInclude Include="source\Rendering\Renderer\Drawing\GeometryBuffer.hpp">
      <Filter>Header Files</Filter>
    </ClInclude>
    <ClInclude Include="source\Rendering\Renderer\Drawing\LightBuffer.hpp">
      <Filter>Header Files</Filter>
    </ClInclude>
    <ClInclude Include="source\Utility\OpenGL\Buffers.hpp">
      <Filter>Header Files</Filter>
    </ClInclude>
    <ClInclude Include="source\Utility\Algorithm.hpp">
      <Filter>Header Files</Filter>
    </ClInclude>
    <ClInclude Include="source\Utility\Maths.hpp">
      <Filter>Header Files</Filter>
    </ClInclude>
    <ClInclude Include="source\Utility\Scene.hpp">
      <Filter>Header Files</Filter>
    </ClInclude>
    <ClInclude Include="source\Utility\OpenGL\ToDelete.hpp">
      <Filter>Header Files</Filter>
    </ClInclude>
    <ClInclude Include="source\Rendering\Renderer\Materials\Materials.hpp">
      <Filter>Header Files</Filter>
    </ClInclude>
    <ClInclude Include="source\Rendering\Composites\DrawCommands.hpp">
      <Filter>Header Files</Filter>
    </ClInclude>
    <ClInclude Include="source\Rendering\Renderer\Uniforms\Scene.hpp">
      <Filter>Header Files</Filter>
    </ClInclude>
    <ClInclude Include="source\Rendering\Renderer\Uniforms\FullBlock.hpp">
      <Filter>Header Files</Filter>
    </ClInclude>
    <ClInclude Include="source\Rendering\Renderer\Uniforms\DirectionalLight.hpp">
      <Filter>Header Files</Filter>
    </ClInclude>
    <ClInclude Include="source\Rendering\Renderer\Uniforms\Spotlight.hpp">
      <Filter>Header Files</Filter>
    </ClInclude>
    <ClInclude Include="source\Rendering\Renderer\Uniforms\PointLight.hpp">
      <Filter>Header Files</Filter>
    </ClInclude>
    <ClInclude Include="source\Rendering\Renderer\Uniforms\Textures.hpp">
      <Filter>Header Files</Filter>
    </ClInclude>
  </ItemGroup>
  <ItemGroup>
    <None Include="shaders\Geometry.vs.glsl">
      <Filter>Shader Files</Filter>
    </None>
    <None Include="shaders\Geometry.fs.glsl">
      <Filter>Shader Files</Filter>
    </None>
    <None Include="shaders\FullScreenQuad.vs.glsl">
      <Filter>Shader Files</Filter>
    </None>
    <None Include="shaders\GlobalLight.fs.glsl">
      <Filter>Shader Files</Filter>
    </None>
    <None Include="shaders\PointLight.fs.glsl">
      <Filter>Shader Files</Filter>
    </None>
    <None Include="shaders\Spotlight.fs.glsl">
      <Filter>Shader Files</Filter>
    </None>
  </ItemGroup>
  <ItemGroup>
    <ClCompile Include="source\main.cpp">
      <Filter>Source Files</Filter>
    </ClCompile>
    <ClCompile Include="source\Rendering\Objects\Renderbuffer.cpp">
      <Filter>Source Files</Filter>
    </ClCompile>
    <ClCompile Include="source\Rendering\Objects\Framebuffer.cpp">
      <Filter>Source Files</Filter>
    </ClCompile>
    <ClCompile Include="source\Rendering\Renderer\Drawing\GeometryBuffer.cpp">
      <Filter>Source Files</Filter>
    </ClCompile>
    <ClCompile Include="source\Rendering\Renderer\Drawing\LightBuffer.cpp">
      <Filter>Source Files</Filter>
    </ClCompile>
    <ClCompile Include="source\Rendering\Objects\VertexArray.cpp">
      <Filter>Source Files</Filter>
    </ClCompile>
    <ClCompile Include="source\Rendering\Renderer\Geometry\SceneVAO.cpp">
      <Filter>Source Files</Filter>
    </ClCompile>
    <ClCompile Include="source\Rendering\Renderer\Geometry\LightingVAO.cpp">
      <Filter>Source Files</Filter>
    </ClCompile>
    <ClCompile Include="source\Rendering\Renderer\Geometry\Geometry.cpp">
      <Filter>Source Files</Filter>
    </ClCompile>
    <ClCompile Include="source\Utility\TSL.cpp">
      <Filter>Source Files</Filter>
    </ClCompile>
    <ClCompile Include="source\Rendering\Composites\SamplerBuffer.cpp">
      <Filter>Source Files</Filter>
    </ClCompile>
    <ClCompile Include="source\Rendering\Objects\Texture.cpp">
      <Filter>Source Files</Filter>
    </ClCompile>
    <ClCompile Include="source\Rendering\Renderer\Materials\Materials.cpp">
      <Filter>Source Files</Filter>
    </ClCompile>
    <ClCompile Include="source\Rendering\Renderer\Materials\Internals\Internals.cpp">
      <Filter>Source Files</Filter>
    </ClCompile>
    <ClCompile Include="source\Utility\OpenGL\Textures.cpp">
      <Filter>Source Files</Filter>
    </ClCompile>
    <ClCompile Include="source\Misc\MyController.cpp">
      <Filter>Source Files</Filter>
    </ClCompile>
    <ClCompile Include="source\MyView\Internals\UniformData.cpp">
      <Filter>Source Files</Filter>
    </ClCompile>
    <ClCompile Include="source\MyView\MyView.cpp">
      <Filter>Source Files</Filter>
    </ClCompile>
    <ClCompile Include="source\Rendering\Objects\Buffer.cpp">
      <Filter>Source Files</Filter>
    </ClCompile>
    <ClCompile Include="source\Rendering\Objects\Program.cpp">
      <Filter>Source Files</Filter>
    </ClCompile>
    <ClCompile Include="source\Rendering\Renderer\Programs\Programs.cpp">
      <Filter>Source Files</Filter>
    </ClCompile>
    <ClCompile Include="source\Rendering\Objects\Shader.cpp">
      <Filter>Source Files</Filter>
    </ClCompile>
    <ClCompile Include="source\Rendering\Renderer\Programs\Shaders.cpp">
      <Filter>Source Files</Filter>
    </ClCompile>
    <ClCompile Include="source\Rendering\Renderer\Drawing\PassConfigurator.cpp">
      <Filter>Source Files</Filter>
    </ClCompile>
    <ClCompile Include="source\Rendering\Renderer\Uniforms\Uniforms.cpp">
      <Filter>Source Files</Filter>
    </ClCompile>
    <ClCompile Include="source\Utility\OpenGL\Buffers.cpp">
      <Filter>Source Files</Filter>
    </ClCompile>
    <ClCompile Include="source\Utility\Scene.cpp">
      <Filter>Source Files</Filter>
    </ClCompile>
    <ClCompile Include="source\Utility\OpenGL\ToDelete.cpp">
      <Filter>Source Files</Filter>
    </ClCompile>
    <ClCompile Include="source\Rendering\Renderer\Renderer.cpp">
      <Filter>Source Files</Filter>
    </ClCompile>
  </ItemGroup>
</Project>